
Microsoft Visual Studio Solution File, Format Version 12.00
# Visual Studio 15
VisualStudioVersion = 15.0.27703.2026
MinimumVisualStudioVersion = 10.0.40219.1
Project("{2150E333-8FDC-42A3-9474-1A3956D46DE8}") = "src", "src", "{BDCDC468-2E1C-47D7-A499-987FBDC86BDD}"
EndProject
Project("{2150E333-8FDC-42A3-9474-1A3956D46DE8}") = "test", "test", "{9C591A5E-BAF7-4624-98CD-FF125AEC9366}"
EndProject
Project("{2150E333-8FDC-42A3-9474-1A3956D46DE8}") = "tools", "tools", "{831BAA38-4FBB-484C-8993-42227145E995}"
EndProject
Project("{9A19103F-16F7-4668-BE54-9A1E7A4F7556}") = "Sp8de.Common", "src\Sp8de.Common\Sp8de.Common.csproj", "{3C5D6EF7-F37A-48A2-89B0-F54BF13A420E}"
EndProject
Project("{9A19103F-16F7-4668-BE54-9A1E7A4F7556}") = "Sp8de.Manager.Web", "src\Sp8de.Manager.Web\Sp8de.Manager.Web.csproj", "{49CBE2A7-F748-4F5A-B800-46EA4FF86A34}"
EndProject
Project("{9A19103F-16F7-4668-BE54-9A1E7A4F7556}") = "Sp8de.PaymentService", "src\Sp8de.PaymentService\Sp8de.PaymentService.csproj", "{0EFD829A-7C8A-45E7-B9EF-264EF7C073F9}"
EndProject
Project("{9A19103F-16F7-4668-BE54-9A1E7A4F7556}") = "Sp8de.DataModel", "src\Sp8de.DataModel\Sp8de.DataModel.csproj", "{E973BB32-7451-4FA3-B601-925D8F39D87D}"
EndProject
Project("{9A19103F-16F7-4668-BE54-9A1E7A4F7556}") = "Sp8de.Random.Api", "src\Sp8de.Random.Api\Sp8de.Random.Api.csproj", "{C31DD5D6-5278-4611-9233-2AFC47529D6B}"
EndProject
Project("{9A19103F-16F7-4668-BE54-9A1E7A4F7556}") = "Sp8de.DataModel.MigrationsApp", "src\Sp8de.DataModel.MigrationsApp\Sp8de.DataModel.MigrationsApp.csproj", "{985F36FC-6EE9-4534-B9BD-F68202DF826C}"
EndProject
Project("{9A19103F-16F7-4668-BE54-9A1E7A4F7556}") = "BlockchainScannerApp", "src\BlockchainScannerApp\BlockchainScannerApp.csproj", "{C21E9FC5-2303-4BD3-8CCC-89FA508B2B6B}"
EndProject
Project("{9A19103F-16F7-4668-BE54-9A1E7A4F7556}") = "Sp8de.IpfsStorageService.Test", "test\Sp8de.IpfsStorageService.Test\Sp8de.IpfsStorageService.Test.csproj", "{20E9C384-AC34-47F9-B17B-F01FA48E84B5}"
EndProject
Project("{9A19103F-16F7-4668-BE54-9A1E7A4F7556}") = "Sp8de.IpfsStorageService", "src\Sp8de.IpfsStorageService\Sp8de.IpfsStorageService.csproj", "{D02FB400-81C1-490B-84D7-A9B33803E88F}"
EndProject
Project("{9A19103F-16F7-4668-BE54-9A1E7A4F7556}") = "Sp8de.Services", "src\Sp8de.Services\Sp8de.Services.csproj", "{A9310094-7F91-4676-98CA-D78E304C08EB}"
EndProject
Project("{9A19103F-16F7-4668-BE54-9A1E7A4F7556}") = "Sp8de.EthServices", "src\Sp8de.EthServices\Sp8de.EthServices.csproj", "{76C4F47B-E831-4237-8F7D-3ADA8F12D4D3}"
EndProject
Project("{9A19103F-16F7-4668-BE54-9A1E7A4F7556}") = "Sp8de.NeoServices", "src\Sp8de.NeoServices\Sp8de.NeoServices.csproj", "{3A739419-A238-4175-B415-80B23499A205}"
EndProject
Project("{9A19103F-16F7-4668-BE54-9A1E7A4F7556}") = "Sp8de.Services.Tests", "test\Sp8de.Services.Tests\Sp8de.Services.Tests.csproj", "{B9AD73AD-459C-41E8-9B82-6C521192F95F}"
EndProject
Project("{E24C65DC-7377-472B-9ABA-BC803B73C61A}") = "Sp8de.Frontend.Demo", "src\Sp8de.Frontend.Demo\", "{D84B7F70-76FD-454A-92CB-A5B8686E5C6D}"
	ProjectSection(WebsiteProperties) = preProject
		TargetFrameworkMoniker = ".NETFramework,Version%3Dv4.0"
		Debug.AspNetCompiler.VirtualPath = "/localhost_52923"
		Debug.AspNetCompiler.PhysicalPath = "src\Sp8de.Frontend.Demo\"
		Debug.AspNetCompiler.TargetPath = "PrecompiledWeb\localhost_52923\"
		Debug.AspNetCompiler.Updateable = "true"
		Debug.AspNetCompiler.ForceOverwrite = "true"
		Debug.AspNetCompiler.FixedNames = "false"
		Debug.AspNetCompiler.Debug = "True"
		Release.AspNetCompiler.VirtualPath = "/localhost_52923"
		Release.AspNetCompiler.PhysicalPath = "src\Sp8de.Frontend.Demo\"
		Release.AspNetCompiler.TargetPath = "PrecompiledWeb\localhost_52923\"
		Release.AspNetCompiler.Updateable = "true"
		Release.AspNetCompiler.ForceOverwrite = "true"
		Release.AspNetCompiler.FixedNames = "false"
		Release.AspNetCompiler.Debug = "False"
		VWDPort = "52923"
		SlnRelativePath = "src\Sp8de.Frontend.Demo\"
	EndProjectSection
EndProject
Project("{9A19103F-16F7-4668-BE54-9A1E7A4F7556}") = "Sp8de.DemoGame.Web", "src\Sp8de.DemoGame.Web\Sp8de.DemoGame.Web.csproj", "{0F5CE793-7B84-412C-912F-7F5E63FF3920}"
EndProject
Project("{9A19103F-16F7-4668-BE54-9A1E7A4F7556}") = "Sp8de.Email", "src\Sp8de.Email\Sp8de.Email.csproj", "{4710754D-08A4-4789-A670-F39C7D603ACE}"
EndProject
Project("{9A19103F-16F7-4668-BE54-9A1E7A4F7556}") = "Sp8de.RandomGenerators", "src\Sp8de.RandomGenerators\Sp8de.RandomGenerators.csproj", "{98F906F3-0281-4F93-A177-244631D5A1AF}"
EndProject
Project("{9A19103F-16F7-4668-BE54-9A1E7A4F7556}") = "Sp8de.MartenStorage", "src\Sp8de.MartenStorage\Sp8de.MartenStorage.csproj", "{2971DF2D-C291-4802-8C3A-EF8FEE889A53}"
EndProject
Project("{9A19103F-16F7-4668-BE54-9A1E7A4F7556}") = "Sp8de.Explorer.Api", "src\Sp8de.Explorer\Sp8de.Explorer.Api.csproj", "{F16144A8-32F0-4E56-9334-94D74D164020}"
EndProject
Project("{9A19103F-16F7-4668-BE54-9A1E7A4F7556}") = "Sp8de.Seed.ConsoleApp", "src\Sp8de.Seed.ConsoleApp\Sp8de.Seed.ConsoleApp.csproj", "{82E9B0FD-646C-4391-958C-C11AF70C5C29}"
EndProject
Project("{9A19103F-16F7-4668-BE54-9A1E7A4F7556}") = "Sp8de.Storage", "src\Sp8de.Storage\Sp8de.Storage.csproj", "{06AB8D08-DEC5-4A00-BD38-7A2637923329}"
EndProject
Project("{9A19103F-16F7-4668-BE54-9A1E7A4F7556}") = "Sp8de.BlockProducerApp", "src\Sp8de.BlockProducerApp\Sp8de.BlockProducerApp.csproj", "{E3A127CE-7978-46B0-9298-061AC53EBD7F}"
EndProject
Project("{9A19103F-16F7-4668-BE54-9A1E7A4F7556}") = "Marten", "..\..\new-git\marten\src\Marten\Marten.csproj", "{2910D191-3C95-4EA8-93E5-8199F146AA76}"
EndProject
Global
	GlobalSection(SolutionConfigurationPlatforms) = preSolution
		Debug|Any CPU = Debug|Any CPU
		Release|Any CPU = Release|Any CPU
	EndGlobalSection
	GlobalSection(ProjectConfigurationPlatforms) = postSolution
		{3C5D6EF7-F37A-48A2-89B0-F54BF13A420E}.Debug|Any CPU.ActiveCfg = Debug|Any CPU
		{3C5D6EF7-F37A-48A2-89B0-F54BF13A420E}.Debug|Any CPU.Build.0 = Debug|Any CPU
		{3C5D6EF7-F37A-48A2-89B0-F54BF13A420E}.Release|Any CPU.ActiveCfg = Release|Any CPU
		{3C5D6EF7-F37A-48A2-89B0-F54BF13A420E}.Release|Any CPU.Build.0 = Release|Any CPU
		{49CBE2A7-F748-4F5A-B800-46EA4FF86A34}.Debug|Any CPU.ActiveCfg = Debug|Any CPU
		{49CBE2A7-F748-4F5A-B800-46EA4FF86A34}.Debug|Any CPU.Build.0 = Debug|Any CPU
		{49CBE2A7-F748-4F5A-B800-46EA4FF86A34}.Release|Any CPU.ActiveCfg = Release|Any CPU
		{49CBE2A7-F748-4F5A-B800-46EA4FF86A34}.Release|Any CPU.Build.0 = Release|Any CPU
		{0EFD829A-7C8A-45E7-B9EF-264EF7C073F9}.Debug|Any CPU.ActiveCfg = Debug|Any CPU
		{0EFD829A-7C8A-45E7-B9EF-264EF7C073F9}.Debug|Any CPU.Build.0 = Debug|Any CPU
		{0EFD829A-7C8A-45E7-B9EF-264EF7C073F9}.Release|Any CPU.ActiveCfg = Release|Any CPU
		{0EFD829A-7C8A-45E7-B9EF-264EF7C073F9}.Release|Any CPU.Build.0 = Release|Any CPU
		{E973BB32-7451-4FA3-B601-925D8F39D87D}.Debug|Any CPU.ActiveCfg = Debug|Any CPU
		{E973BB32-7451-4FA3-B601-925D8F39D87D}.Debug|Any CPU.Build.0 = Debug|Any CPU
		{E973BB32-7451-4FA3-B601-925D8F39D87D}.Release|Any CPU.ActiveCfg = Release|Any CPU
		{E973BB32-7451-4FA3-B601-925D8F39D87D}.Release|Any CPU.Build.0 = Release|Any CPU
		{C31DD5D6-5278-4611-9233-2AFC47529D6B}.Debug|Any CPU.ActiveCfg = Debug|Any CPU
		{C31DD5D6-5278-4611-9233-2AFC47529D6B}.Debug|Any CPU.Build.0 = Debug|Any CPU
		{C31DD5D6-5278-4611-9233-2AFC47529D6B}.Release|Any CPU.ActiveCfg = Release|Any CPU
		{C31DD5D6-5278-4611-9233-2AFC47529D6B}.Release|Any CPU.Build.0 = Release|Any CPU
		{985F36FC-6EE9-4534-B9BD-F68202DF826C}.Debug|Any CPU.ActiveCfg = Debug|Any CPU
		{985F36FC-6EE9-4534-B9BD-F68202DF826C}.Debug|Any CPU.Build.0 = Debug|Any CPU
		{985F36FC-6EE9-4534-B9BD-F68202DF826C}.Release|Any CPU.ActiveCfg = Release|Any CPU
		{985F36FC-6EE9-4534-B9BD-F68202DF826C}.Release|Any CPU.Build.0 = Release|Any CPU
		{C21E9FC5-2303-4BD3-8CCC-89FA508B2B6B}.Debug|Any CPU.ActiveCfg = Debug|Any CPU
		{C21E9FC5-2303-4BD3-8CCC-89FA508B2B6B}.Debug|Any CPU.Build.0 = Debug|Any CPU
		{C21E9FC5-2303-4BD3-8CCC-89FA508B2B6B}.Release|Any CPU.ActiveCfg = Release|Any CPU
		{C21E9FC5-2303-4BD3-8CCC-89FA508B2B6B}.Release|Any CPU.Build.0 = Release|Any CPU
		{20E9C384-AC34-47F9-B17B-F01FA48E84B5}.Debug|Any CPU.ActiveCfg = Debug|Any CPU
		{20E9C384-AC34-47F9-B17B-F01FA48E84B5}.Debug|Any CPU.Build.0 = Debug|Any CPU
		{20E9C384-AC34-47F9-B17B-F01FA48E84B5}.Release|Any CPU.ActiveCfg = Release|Any CPU
		{20E9C384-AC34-47F9-B17B-F01FA48E84B5}.Release|Any CPU.Build.0 = Release|Any CPU
		{D02FB400-81C1-490B-84D7-A9B33803E88F}.Debug|Any CPU.ActiveCfg = Debug|Any CPU
		{D02FB400-81C1-490B-84D7-A9B33803E88F}.Debug|Any CPU.Build.0 = Debug|Any CPU
		{D02FB400-81C1-490B-84D7-A9B33803E88F}.Release|Any CPU.ActiveCfg = Release|Any CPU
		{D02FB400-81C1-490B-84D7-A9B33803E88F}.Release|Any CPU.Build.0 = Release|Any CPU
		{A9310094-7F91-4676-98CA-D78E304C08EB}.Debug|Any CPU.ActiveCfg = Debug|Any CPU
		{A9310094-7F91-4676-98CA-D78E304C08EB}.Debug|Any CPU.Build.0 = Debug|Any CPU
		{A9310094-7F91-4676-98CA-D78E304C08EB}.Release|Any CPU.ActiveCfg = Release|Any CPU
		{A9310094-7F91-4676-98CA-D78E304C08EB}.Release|Any CPU.Build.0 = Release|Any CPU
		{76C4F47B-E831-4237-8F7D-3ADA8F12D4D3}.Debug|Any CPU.ActiveCfg = Debug|Any CPU
		{76C4F47B-E831-4237-8F7D-3ADA8F12D4D3}.Debug|Any CPU.Build.0 = Debug|Any CPU
		{76C4F47B-E831-4237-8F7D-3ADA8F12D4D3}.Release|Any CPU.ActiveCfg = Release|Any CPU
		{76C4F47B-E831-4237-8F7D-3ADA8F12D4D3}.Release|Any CPU.Build.0 = Release|Any CPU
		{3A739419-A238-4175-B415-80B23499A205}.Debug|Any CPU.ActiveCfg = Debug|Any CPU
		{3A739419-A238-4175-B415-80B23499A205}.Debug|Any CPU.Build.0 = Debug|Any CPU
		{3A739419-A238-4175-B415-80B23499A205}.Release|Any CPU.ActiveCfg = Release|Any CPU
		{3A739419-A238-4175-B415-80B23499A205}.Release|Any CPU.Build.0 = Release|Any CPU
		{B9AD73AD-459C-41E8-9B82-6C521192F95F}.Debug|Any CPU.ActiveCfg = Debug|Any CPU
		{B9AD73AD-459C-41E8-9B82-6C521192F95F}.Debug|Any CPU.Build.0 = Debug|Any CPU
		{B9AD73AD-459C-41E8-9B82-6C521192F95F}.Release|Any CPU.ActiveCfg = Release|Any CPU
		{B9AD73AD-459C-41E8-9B82-6C521192F95F}.Release|Any CPU.Build.0 = Release|Any CPU
		{D84B7F70-76FD-454A-92CB-A5B8686E5C6D}.Debug|Any CPU.ActiveCfg = Debug|Any CPU
		{D84B7F70-76FD-454A-92CB-A5B8686E5C6D}.Debug|Any CPU.Build.0 = Debug|Any CPU
		{D84B7F70-76FD-454A-92CB-A5B8686E5C6D}.Release|Any CPU.ActiveCfg = Debug|Any CPU
		{D84B7F70-76FD-454A-92CB-A5B8686E5C6D}.Release|Any CPU.Build.0 = Debug|Any CPU
		{0F5CE793-7B84-412C-912F-7F5E63FF3920}.Debug|Any CPU.ActiveCfg = Debug|Any CPU
		{0F5CE793-7B84-412C-912F-7F5E63FF3920}.Debug|Any CPU.Build.0 = Debug|Any CPU
		{0F5CE793-7B84-412C-912F-7F5E63FF3920}.Release|Any CPU.ActiveCfg = Release|Any CPU
		{0F5CE793-7B84-412C-912F-7F5E63FF3920}.Release|Any CPU.Build.0 = Release|Any CPU
		{4710754D-08A4-4789-A670-F39C7D603ACE}.Debug|Any CPU.ActiveCfg = Debug|Any CPU
		{4710754D-08A4-4789-A670-F39C7D603ACE}.Debug|Any CPU.Build.0 = Debug|Any CPU
		{4710754D-08A4-4789-A670-F39C7D603ACE}.Release|Any CPU.ActiveCfg = Release|Any CPU
		{4710754D-08A4-4789-A670-F39C7D603ACE}.Release|Any CPU.Build.0 = Release|Any CPU
		{98F906F3-0281-4F93-A177-244631D5A1AF}.Debug|Any CPU.ActiveCfg = Debug|Any CPU
		{98F906F3-0281-4F93-A177-244631D5A1AF}.Debug|Any CPU.Build.0 = Debug|Any CPU
		{98F906F3-0281-4F93-A177-244631D5A1AF}.Release|Any CPU.ActiveCfg = Release|Any CPU
		{98F906F3-0281-4F93-A177-244631D5A1AF}.Release|Any CPU.Build.0 = Release|Any CPU
		{2971DF2D-C291-4802-8C3A-EF8FEE889A53}.Debug|Any CPU.ActiveCfg = Debug|Any CPU
		{2971DF2D-C291-4802-8C3A-EF8FEE889A53}.Debug|Any CPU.Build.0 = Debug|Any CPU
		{2971DF2D-C291-4802-8C3A-EF8FEE889A53}.Release|Any CPU.ActiveCfg = Release|Any CPU
		{2971DF2D-C291-4802-8C3A-EF8FEE889A53}.Release|Any CPU.Build.0 = Release|Any CPU
		{F16144A8-32F0-4E56-9334-94D74D164020}.Debug|Any CPU.ActiveCfg = Debug|Any CPU
		{F16144A8-32F0-4E56-9334-94D74D164020}.Debug|Any CPU.Build.0 = Debug|Any CPU
		{F16144A8-32F0-4E56-9334-94D74D164020}.Release|Any CPU.ActiveCfg = Release|Any CPU
		{F16144A8-32F0-4E56-9334-94D74D164020}.Release|Any CPU.Build.0 = Release|Any CPU
		{82E9B0FD-646C-4391-958C-C11AF70C5C29}.Debug|Any CPU.ActiveCfg = Debug|Any CPU
		{82E9B0FD-646C-4391-958C-C11AF70C5C29}.Debug|Any CPU.Build.0 = Debug|Any CPU
		{82E9B0FD-646C-4391-958C-C11AF70C5C29}.Release|Any CPU.ActiveCfg = Release|Any CPU
		{82E9B0FD-646C-4391-958C-C11AF70C5C29}.Release|Any CPU.Build.0 = Release|Any CPU
		{06AB8D08-DEC5-4A00-BD38-7A2637923329}.Debug|Any CPU.ActiveCfg = Debug|Any CPU
		{06AB8D08-DEC5-4A00-BD38-7A2637923329}.Debug|Any CPU.Build.0 = Debug|Any CPU
		{06AB8D08-DEC5-4A00-BD38-7A2637923329}.Release|Any CPU.ActiveCfg = Release|Any CPU
		{06AB8D08-DEC5-4A00-BD38-7A2637923329}.Release|Any CPU.Build.0 = Release|Any CPU
		{E3A127CE-7978-46B0-9298-061AC53EBD7F}.Debug|Any CPU.ActiveCfg = Debug|Any CPU
		{E3A127CE-7978-46B0-9298-061AC53EBD7F}.Debug|Any CPU.Build.0 = Debug|Any CPU
		{E3A127CE-7978-46B0-9298-061AC53EBD7F}.Release|Any CPU.ActiveCfg = Release|Any CPU
		{E3A127CE-7978-46B0-9298-061AC53EBD7F}.Release|Any CPU.Build.0 = Release|Any CPU
		{2910D191-3C95-4EA8-93E5-8199F146AA76}.Debug|Any CPU.ActiveCfg = Debug|Any CPU
		{2910D191-3C95-4EA8-93E5-8199F146AA76}.Debug|Any CPU.Build.0 = Debug|Any CPU
		{2910D191-3C95-4EA8-93E5-8199F146AA76}.Release|Any CPU.ActiveCfg = Release|Any CPU
		{2910D191-3C95-4EA8-93E5-8199F146AA76}.Release|Any CPU.Build.0 = Release|Any CPU
	EndGlobalSection
	GlobalSection(SolutionProperties) = preSolution
		HideSolutionNode = FALSE
	EndGlobalSection
	GlobalSection(NestedProjects) = preSolution
		{3C5D6EF7-F37A-48A2-89B0-F54BF13A420E} = {BDCDC468-2E1C-47D7-A499-987FBDC86BDD}
		{49CBE2A7-F748-4F5A-B800-46EA4FF86A34} = {BDCDC468-2E1C-47D7-A499-987FBDC86BDD}
		{0EFD829A-7C8A-45E7-B9EF-264EF7C073F9} = {BDCDC468-2E1C-47D7-A499-987FBDC86BDD}
		{E973BB32-7451-4FA3-B601-925D8F39D87D} = {BDCDC468-2E1C-47D7-A499-987FBDC86BDD}
		{C31DD5D6-5278-4611-9233-2AFC47529D6B} = {BDCDC468-2E1C-47D7-A499-987FBDC86BDD}
		{985F36FC-6EE9-4534-B9BD-F68202DF826C} = {BDCDC468-2E1C-47D7-A499-987FBDC86BDD}
		{C21E9FC5-2303-4BD3-8CCC-89FA508B2B6B} = {831BAA38-4FBB-484C-8993-42227145E995}
		{20E9C384-AC34-47F9-B17B-F01FA48E84B5} = {9C591A5E-BAF7-4624-98CD-FF125AEC9366}
		{D02FB400-81C1-490B-84D7-A9B33803E88F} = {BDCDC468-2E1C-47D7-A499-987FBDC86BDD}
		{A9310094-7F91-4676-98CA-D78E304C08EB} = {BDCDC468-2E1C-47D7-A499-987FBDC86BDD}
		{76C4F47B-E831-4237-8F7D-3ADA8F12D4D3} = {BDCDC468-2E1C-47D7-A499-987FBDC86BDD}
		{3A739419-A238-4175-B415-80B23499A205} = {BDCDC468-2E1C-47D7-A499-987FBDC86BDD}
		{B9AD73AD-459C-41E8-9B82-6C521192F95F} = {9C591A5E-BAF7-4624-98CD-FF125AEC9366}
		{D84B7F70-76FD-454A-92CB-A5B8686E5C6D} = {BDCDC468-2E1C-47D7-A499-987FBDC86BDD}
		{0F5CE793-7B84-412C-912F-7F5E63FF3920} = {BDCDC468-2E1C-47D7-A499-987FBDC86BDD}
		{4710754D-08A4-4789-A670-F39C7D603ACE} = {BDCDC468-2E1C-47D7-A499-987FBDC86BDD}
		{98F906F3-0281-4F93-A177-244631D5A1AF} = {BDCDC468-2E1C-47D7-A499-987FBDC86BDD}
		{2971DF2D-C291-4802-8C3A-EF8FEE889A53} = {BDCDC468-2E1C-47D7-A499-987FBDC86BDD}
		{F16144A8-32F0-4E56-9334-94D74D164020} = {BDCDC468-2E1C-47D7-A499-987FBDC86BDD}
		{82E9B0FD-646C-4391-958C-C11AF70C5C29} = {BDCDC468-2E1C-47D7-A499-987FBDC86BDD}
		{06AB8D08-DEC5-4A00-BD38-7A2637923329} = {BDCDC468-2E1C-47D7-A499-987FBDC86BDD}
		{E3A127CE-7978-46B0-9298-061AC53EBD7F} = {831BAA38-4FBB-484C-8993-42227145E995}
		{2910D191-3C95-4EA8-93E5-8199F146AA76} = {BDCDC468-2E1C-47D7-A499-987FBDC86BDD}
	EndGlobalSection
	GlobalSection(ExtensibilityGlobals) = postSolution
		SolutionGuid = {09583719-2DC2-4BF1-A168-4C38B60B1FAC}
	EndGlobalSection
EndGlobal
